{
  "name": "ovrino",
  "version": "1.0.0",
  "lockfileVersion": 3,
  "requires": true,
  "packages": {
    "": {
      "name": "ovrino",
      "version": "1.0.0",
      "dependencies": {
        "@expo-google-fonts/vazirmatn": "^0.4.1",
        "@expo-google-fonts/young-serif": "^0.4.0",
        "expo": "^54.0.0",
        "expo-font": "~14.0.12",
        "expo-speech": "~14.0.1",
        "expo-status-bar": "~3.0.9",
        "lucide-react-native": "^1.37.0",
        "react": "19.1.0",
        "react-native": "0.81.5",
        "react-native-svg": "~15.12.1"
      },
      "devDependencies": {
        "@types/react": "~19.1.10",
        "typescript": "~5.9.2"
      }
    },
    "node_modules/@0no-co/graphql.web": {
      "version": "1.3.4",
      "resolved": "https://registry.npmjs.org/@0no-co/graphql.web/-/graphql.web-1.3.4.tgz",
      "integrity": "sha512-imSwulOeDQodRy/olQmVEo2PiY6ntjkZ9eiGdw6lMYylh/tay9b7MusyJBmEnkL8GiKRKr6ltr+D42mY5bd8Bg==",
      "license": "MIT",
      "peerDependencies": { "graphql": "^14.0.0 || ^15.0.0 || ^16.0.0 || ^17.0.0" },
      "peerDependenciesMeta": { "graphql": { "optional": true } }
    }
  }
}
